
Microsoft Visual Studio Solution File, Format Version 12.00
# Visual Studio Version 16
VisualStudioVersion = 16.0.32413.511
MinimumVisualStudioVersion = 10.0.40219.1
Project("{8BC9CEB8-8B4A-11D0-8D11-00A0C91BC942}") = "OpenGLPipelineVisualization", "OpenGLPipelineVisualization\OpenGLPipelineVisualization.vcxproj", "{75E6AF5F-516B-4D94-A49E-95EE4BFE7F77}"
EndProject
Global
	GlobalSection(SolutionConfigurationPlatforms) = preSolution
		Debug|x64 = Debug|x64
		Debug|x86 = Debug|x86
		Release|x64 = Release|x64
		Release|x86 = Release|x86
	EndGlobalSection
	GlobalSection(ProjectConfigurationPlatforms) = postSolution
		{75E6AF5F-516B-4D94-A49E-95EE4BFE7F77}.Debug|x64.ActiveCfg = Debug|x64
		{75E6AF5F-516B-4D94-A49E-95EE4BFE7F77}.Debug|x64.Build.0 = Debug|x64
		{75E6AF5F-516B-4D94-A49E-95EE4BFE7F77}.Debug|x86.ActiveCfg = Debug|Win32
		{75E6AF5F-516B-4D94-A49E-95EE4BFE7F77}.Debug|x86.Build.0 = Debug|Win32
		{75E6AF5F-516B-4D94-A49E-95EE4BFE7F77}.Release|x64.ActiveCfg = Release|x64
		{75E6AF5F-516B-4D94-A49E-95EE4BFE7F77}.Release|x64.Build.0 = Release|x64
		{75E6AF5F-516B-4D94-A49E-95EE4BFE7F77}.Release|x86.ActiveCfg = Release|Win32
		{75E6AF5F-516B-4D94-A49E-95EE4BFE7F77}.Release|x86.Build.0 = Release|Win32
	EndGlobalSection
	GlobalSection(SolutionProperties) = preSolution
		HideSolutionNode = FALSE
	EndGlobalSection
	GlobalSection(ExtensibilityGlobals) = postSolution
		SolutionGuid = {8E171CD0-0711-487A-AAB7-731422951B5D}
	EndGlobalSection
EndGlobal
